
Microsoft Visual Studio Solution File, Format Version 12.00
Project("{FAE04EC0-301F-11D3-BF4B-00C04F79EFBC}") = "ApiShelha", "ApiShelha\ApiShelha.csproj", "{F36C1DE0-7509-4039-A58B-457A5CC1FAD5}"
EndProject
Project("{FAE04EC0-301F-11D3-BF4B-00C04F79EFBC}") = "Domain", "Domain\Domain.csproj", "{810AE23C-40F0-4AE0-81BB-A4B75F989F17}"
EndProject
Project("{FAE04EC0-301F-11D3-BF4B-00C04F79EFBC}") = "Infrastructure", "Infrastructure\Infrastructure.csproj", "{2EC22D65-B038-4255-9CA3-BA532E64DD8D}"
EndProject
Project("{FAE04EC0-301F-11D3-BF4B-00C04F79EFBC}") = "Application", "Application\Application.csproj", "{58345822-35C8-4A70-8C3A-8B4C1906E364}"
EndProject
Project("{FAE04EC0-301F-11D3-BF4B-00C04F79EFBC}") = "Tests", "Tests\Tests.csproj", "{FFDFE518-A987-4350-99D6-27227532723F}"
EndProject
Global
	GlobalSection(SolutionConfigurationPlatforms) = preSolution
		Debug|Any CPU = Debug|Any CPU
		Release|Any CPU = Release|Any CPU
	EndGlobalSection
	GlobalSection(ProjectConfigurationPlatforms) = postSolution
		{F36C1DE0-7509-4039-A58B-457A5CC1FAD5}.Debug|Any CPU.ActiveCfg = Debug|Any CPU
		{F36C1DE0-7509-4039-A58B-457A5CC1FAD5}.Debug|Any CPU.Build.0 = Debug|Any CPU
		{F36C1DE0-7509-4039-A58B-457A5CC1FAD5}.Release|Any CPU.ActiveCfg = Release|Any CPU
		{F36C1DE0-7509-4039-A58B-457A5CC1FAD5}.Release|Any CPU.Build.0 = Release|Any CPU
		{810AE23C-40F0-4AE0-81BB-A4B75F989F17}.Debug|Any CPU.ActiveCfg = Debug|Any CPU
		{810AE23C-40F0-4AE0-81BB-A4B75F989F17}.Debug|Any CPU.Build.0 = Debug|Any CPU
		{810AE23C-40F0-4AE0-81BB-A4B75F989F17}.Release|Any CPU.ActiveCfg = Release|Any CPU
		{810AE23C-40F0-4AE0-81BB-A4B75F989F17}.Release|Any CPU.Build.0 = Release|Any CPU
		{2EC22D65-B038-4255-9CA3-BA532E64DD8D}.Debug|Any CPU.ActiveCfg = Debug|Any CPU
		{2EC22D65-B038-4255-9CA3-BA532E64DD8D}.Debug|Any CPU.Build.0 = Debug|Any CPU
		{2EC22D65-B038-4255-9CA3-BA532E64DD8D}.Release|Any CPU.ActiveCfg = Release|Any CPU
		{2EC22D65-B038-4255-9CA3-BA532E64DD8D}.Release|Any CPU.Build.0 = Release|Any CPU
		{58345822-35C8-4A70-8C3A-8B4C1906E364}.Debug|Any CPU.ActiveCfg = Debug|Any CPU
		{58345822-35C8-4A70-8C3A-8B4C1906E364}.Debug|Any CPU.Build.0 = Debug|Any CPU
		{58345822-35C8-4A70-8C3A-8B4C1906E364}.Release|Any CPU.ActiveCfg = Release|Any CPU
		{58345822-35C8-4A70-8C3A-8B4C1906E364}.Release|Any CPU.Build.0 = Release|Any CPU
		{FFDFE518-A987-4350-99D6-27227532723F}.Debug|Any CPU.ActiveCfg = Debug|Any CPU
		{FFDFE518-A987-4350-99D6-27227532723F}.Debug|Any CPU.Build.0 = Debug|Any CPU
		{FFDFE518-A987-4350-99D6-27227532723F}.Release|Any CPU.ActiveCfg = Release|Any CPU
		{FFDFE518-A987-4350-99D6-27227532723F}.Release|Any CPU.Build.0 = Release|Any CPU
	EndGlobalSection
EndGlobal
